
Microsoft Visual Studio Solution File, Format Version 12.00
# Visual Studio 2017
Project("{FAE04EC0-301F-11D3-BF4B-00C04F79EFBC}") = "Chayka", "Chayka.csproj", "{D9BFB390-599D-8F99-FA41-0443DB214CF1}"
EndProject
Global
	GlobalSection(SolutionConfigurationPlatforms) = preSolution
		Debug|Any CPU = Debug|Any CPU
		Release|Any CPU = Release|Any CPU
	EndGlobalSection
	GlobalSection(ProjectConfigurationPlatforms) = postSolution
		{D9BFB390-599D-8F99-FA41-0443DB214CF1}.Debug|Any CPU.ActiveCfg = Debug|Any CPU
		{D9BFB390-599D-8F99-FA41-0443DB214CF1}.Debug|Any CPU.Build.0 = Debug|Any CPU
		{D9BFB390-599D-8F99-FA41-0443DB214CF1}.Release|Any CPU.ActiveCfg = Release|Any CPU
		{D9BFB390-599D-8F99-FA41-0443DB214CF1}.Release|Any CPU.Build.0 = Release|Any CPU
	EndGlobalSection
	GlobalSection(SolutionProperties) = preSolution
		HideSolutionNode = FALSE
	EndGlobalSection
EndGlobal
